{
  "version": 4,
  "terraform_version": "1.5.4",
  "serial": 370,
  "lineage": "42d12199-3333-4289-7e93-090b0333a97c",
  "outputs": {
    "execute_this_to_access_the_bastion_host": {
      "value": "ssh ec2-user@34.204.70.162 -i cert.pem",
      "type": "string"
    }
  },
  "resources": [
    {
      "mode": "data",
      "type": "aws_ami",
      "name": "amazon_linux_2023",
      "provider": "provider[\"registry.terraform.io/hashicorp/aws\"]",
      "instances": [
        {
          "schema_version": 0,
          "attributes": {
            "architecture": "x86_64",
            "arn": "arn:aws:ec2:us-east-1::image/ami-0027cc3a00b2eb4f7",
            "block_device_mappings": [
              {
                "device_name": "/dev/xvda",
                "ebs": {
                  "delete_on_termination": "true",
                  "encrypted": "false",
                  "iops": "3000",
                  "snapshot_id": "snap-0a8828b2847dedf09",
                  "throughput": "125",
                  "volume_size": "30",
                  "volume_type": "gp3"
                },
                "no_device": "",
                "virtual_name": ""
              }
            ],
            "boot_mode": "uefi-preferred",
            "creation_date": "2023-12-11T22:40:16.000Z",
            "deprecation_time": "2025-12-11T22:40:16.000Z",
            "description": "Amazon Linux AMI 2023.0.20231211 x86_64 ECS HVM EBS",
            "ena_support": true,
            "executable_users": null,
            "filter": [
              {
                "name": "architecture",
                "values": [
                  "x86_64"
                ]
              },
              {
                "name": "name",
                "values": [
                  "al2023-ami-*"
                ]
              },
              {
                "name": "owner-alias",
                "values": [
                  "amazon"
                ]
              }
            ],
            "hypervisor": "xen",
            "id": "ami-0027cc3a00b2eb4f7",
            "image_id": "ami-0027cc3a00b2eb4f7",
            "image_location": "amazon/al2023-ami-ecs-neuron-hvm-2023.0.20231211-kernel-6.1-x86_64",
            "image_owner_alias": "amazon",
            "image_type": "machine",
            "imds_support": "v2.0",
            "include_deprecated": false,
            "kernel_id": "",
            "most_recent": true,
            "name": "al2023-ami-ecs-neuron-hvm-2023.0.20231211-kernel-6.1-x86_64",
            "name_regex": null,
            "owner_id": "591542846629",
            "owners": [
              "amazon"
            ],
            "platform": "",
            "platform_details": "Linux/UNIX",
            "product_codes": [],
            "public": true,
            "ramdisk_id": "",
            "root_device_name": "/dev/xvda",
            "root_device_type": "ebs",
            "root_snapshot_id": "snap-0a8828b2847dedf09",
            "sriov_net_support": "simple",
            "state": "available",
            "state_reason": {
              "code": "UNSET",
              "message": "UNSET"
            },
            "tags": {},
            "timeouts": null,
            "tpm_support": "",
            "usage_operation": "RunInstances",
            "virtualization_type": "hvm"
          },
          "sensitive_attributes": []
        }
      ]
    },
    {
      "mode": "data",
      "type": "aws_availability_zones",
      "name": "available",
      "provider": "provider[\"registry.terraform.io/hashicorp/aws\"]",
      "instances": [
        {
          "schema_version": 0,
          "attributes": {
            "all_availability_zones": null,
            "exclude_names": null,
            "exclude_zone_ids": null,
            "filter": null,
            "group_names": [
              "us-east-1"
            ],
            "id": "us-east-1",
            "names": [
              "us-east-1a",
              "us-east-1b",
              "us-east-1c",
              "us-east-1d",
              "us-east-1e",
              "us-east-1f"
            ],
            "state": "available",
            "timeouts": null,
            "zone_ids": [
              "use1-az6",
              "use1-az1",
              "use1-az2",
              "use1-az4",
              "use1-az3",
              "use1-az5"
            ]
          },
          "sensitive_attributes": []
        }
      ]
    },
    {
      "mode": "data",
      "type": "aws_caller_identity",
      "name": "current",
      "provider": "provider[\"registry.terraform.io/hashicorp/aws\"]",
      "instances": [
        {
          "schema_version": 0,
          "attributes": {
            "account_id": "755209495094",
            "arn": "arn:aws:iam::755209495094:user/kadmo",
            "id": "755209495094",
            "user_id": "AIDA27VP6MI3IK7ID5YYB"
          },
          "sensitive_attributes": []
        }
      ]
    },
    {
      "mode": "managed",
      "type": "aws_cloudwatch_log_group",
      "name": "kafka_log_group",
      "provider": "provider[\"registry.terraform.io/hashicorp/aws\"]",
      "instances": [
        {
          "schema_version": 0,
          "attributes": {
            "arn": "arn:aws:logs:us-east-1:755209495094:log-group:kafka_broker_logs",
            "id": "kafka_broker_logs",
            "kms_key_id": "",
            "name": "kafka_broker_logs",
            "name_prefix": "",
            "retention_in_days": 0,
            "skip_destroy": false,
            "tags": {},
            "tags_all": {}
          },
          "sensitive_attributes": [],
          "private": "bnVsbA=="
        }
      ]
    },
    {
      "mode": "managed",
      "type": "aws_eip",
      "name": "default",
      "provider": "provider[\"registry.terraform.io/hashicorp/aws\"]",
      "instances": [
        {
          "schema_version": 0,
          "attributes": {
            "address": null,
            "allocation_id": "eipalloc-05f013df100cc28b8",
            "associate_with_private_ip": null,
            "association_id": "",
            "carrier_ip": "",
            "customer_owned_ip": "",
            "customer_owned_ipv4_pool": "",
            "domain": "vpc",
            "id": "eipalloc-05f013df100cc28b8",
            "instance": "",
            "network_border_group": "us-east-1",
            "network_interface": "",
            "private_dns": null,
            "private_ip": "",
            "public_dns": "ec2-34-203-148-84.compute-1.amazonaws.com",
            "public_ip": "34.203.148.84",
            "public_ipv4_pool": "amazon",
            "tags": {},
            "tags_all": {},
            "timeouts": null,
            "vpc": true
          },
          "sensitive_attributes": [],
          "private": "eyJlMmJmYjczMC1lY2FhLTExZTYtOGY4OC0zNDM2M2JjN2M0YzAiOnsiZGVsZXRlIjoxODAwMDAwMDAwMDAsInJlYWQiOjkwMDAwMDAwMDAwMCwidXBkYXRlIjozMDAwMDAwMDAwMDB9fQ==",
          "dependencies": [
            "aws_internet_gateway.default",
            "aws_vpc.default"
          ]
        }
      ]
    },
    {
      "mode": "managed",
      "type": "aws_instance",
      "name": "bastion_host",
      "provider": "provider[\"registry.terraform.io/hashicorp/aws\"]",
      "instances": [
        {
          "schema_version": 1,
          "attributes": {
            "ami": "ami-0027cc3a00b2eb4f7",
            "arn": "arn:aws:ec2:us-east-1:755209495094:instance/i-0c5aa80dcfd5ca874",
            "associate_public_ip_address": true,
            "availability_zone": "us-east-1a",
            "capacity_reservation_specification": [
              {
                "capacity_reservation_preference": "open",
                "capacity_reservation_target": []
              }
            ],
            "cpu_core_count": 1,
            "cpu_options": [
              {
                "amd_sev_snp": "",
                "core_count": 1,
                "threads_per_core": 1
              }
            ],
            "cpu_threads_per_core": 1,
            "credit_specification": [
              {
                "cpu_credits": "standard"
              }
            ],
            "disable_api_stop": false,
            "disable_api_termination": false,
            "ebs_block_device": [],
            "ebs_optimized": false,
            "enclave_options": [
              {
                "enabled": false
              }
            ],
            "ephemeral_block_device": [],
            "get_password_data": false,
            "hibernation": false,
            "host_id": "",
            "host_resource_group_arn": null,
            "iam_instance_profile": "",
            "id": "i-0c5aa80dcfd5ca874",
            "instance_initiated_shutdown_behavior": "stop",
            "instance_lifecycle": "",
            "instance_market_options": [],
            "instance_state": "running",
            "instance_type": "t2.micro",
            "ipv6_address_count": 0,
            "ipv6_addresses": [],
            "key_name": "my-msk",
            "launch_template": [],
            "maintenance_options": [
              {
                "auto_recovery": "default"
              }
            ],
            "metadata_options": [
              {
                "http_endpoint": "enabled",
                "http_protocol_ipv6": "disabled",
                "http_put_response_hop_limit": 2,
                "http_tokens": "required",
                "instance_metadata_tags": "disabled"
              }
            ],
            "monitoring": false,
            "network_interface": [],
            "outpost_arn": "",
            "password_data": "",
            "placement_group": "",
            "placement_partition_number": 0,
            "primary_network_interface_id": "eni-0309e784619263205",
            "private_dns": "ip-10-0-4-4.ec2.internal",
            "private_dns_name_options": [
              {
                "enable_resource_name_dns_a_record": false,
                "enable_resource_name_dns_aaaa_record": false,
                "hostname_type": "ip-name"
              }
            ],
            "private_ip": "10.0.4.4",
            "public_dns": "ec2-34-204-70-162.compute-1.amazonaws.com",
            "public_ip": "34.204.70.162",
            "root_block_device": [
              {
                "delete_on_termination": true,
                "device_name": "/dev/xvda",
                "encrypted": false,
                "iops": 300,
                "kms_key_id": "",
                "tags": {},
                "throughput": 0,
                "volume_id": "vol-0926f7647be4212d2",
                "volume_size": 100,
                "volume_type": "gp2"
              }
            ],
            "secondary_private_ips": [],
            "security_groups": [],
            "source_dest_check": true,
            "spot_instance_request_id": "",
            "subnet_id": "subnet-092d1a22e29865c37",
            "tags": {},
            "tags_all": {},
            "tenancy": "default",
            "timeouts": null,
            "user_data": "0aa062f651fb6be4cb5d411516dbd5f019bca50e",
            "user_data_base64": null,
            "user_data_replace_on_change": false,
            "volume_tags": null,
            "vpc_security_group_ids": [
              "sg-063eb9c4b5b7c28b5"
            ]
          },
          "sensitive_attributes": [],
          "private": "eyJlMmJmYjczMC1lY2FhLTExZTYtOGY4OC0zNDM2M2JjN2M0YzAiOnsiY3JlYXRlIjo2MDAwMDAwMDAwMDAsImRlbGV0ZSI6MTIwMDAwMDAwMDAwMCwidXBkYXRlIjo2MDAwMDAwMDAwMDB9LCJzY2hlbWFfdmVyc2lvbiI6IjEifQ==",
          "dependencies": [
            "aws_cloudwatch_log_group.kafka_log_group",
            "aws_key_pair.private_key",
            "aws_kms_key.kafka_kms_key",
            "aws_msk_cluster.kafka",
            "aws_msk_configuration.kafka_config",
            "aws_security_group.bastion_host",
            "aws_security_group.kafka",
            "aws_subnet.bastion_host_subnet",
            "aws_subnet.private_subnet",
            "aws_vpc.default",
            "data.aws_ami.amazon_linux_2023",
            "data.aws_availability_zones.available",
            "tls_private_key.private_key"
          ]
        }
      ]
    },
    {
      "mode": "managed",
      "type": "aws_internet_gateway",
      "name": "default",
      "provider": "provider[\"registry.terraform.io/hashicorp/aws\"]",
      "instances": [
        {
          "schema_version": 0,
          "attributes": {
            "arn": "arn:aws:ec2:us-east-1:755209495094:internet-gateway/igw-0ef343672877bd267",
            "id": "igw-0ef343672877bd267",
            "owner_id": "755209495094",
            "tags": {},
            "tags_all": {},
            "timeouts": null,
            "vpc_id": "vpc-07bdf66f39a4039f4"
          },
          "sensitive_attributes": [],
          "private": "eyJlMmJmYjczMC1lY2FhLTExZTYtOGY4OC0zNDM2M2JjN2M0YzAiOnsiY3JlYXRlIjoxMjAwMDAwMDAwMDAwLCJkZWxldGUiOjEyMDAwMDAwMDAwMDAsInVwZGF0ZSI6MTIwMDAwMDAwMDAwMH19",
          "dependencies": [
            "aws_vpc.default"
          ]
        }
      ]
    },
    {
      "mode": "managed",
      "type": "aws_key_pair",
      "name": "private_key",
      "provider": "provider[\"registry.terraform.io/hashicorp/aws\"]",
      "instances": [
        {
          "schema_version": 1,
          "attributes": {
            "arn": "arn:aws:ec2:us-east-1:755209495094:key-pair/my-msk",
            "fingerprint": "8c:7a:c6:5c:27:d4:13:fc:c4:09:21:34:d0:ff:be:8d",
            "id": "my-msk",
            "key_name": "my-msk",
            "key_name_prefix": "",
            "key_pair_id": "key-067f6560da1487139",
            "key_type": "rsa",
            "public_key": "ssh-rsa AAAAB3NzaC1yc2EAAAADAQABAAACAQC7uy9jaP/Ek9c3VXlwLm+Ws2CYnSczBWR/kdisQn4i5CY3xOUNGs8RI8aw/m6ZrAgga1dtePGEraFVaqaLxYr7aGrUE4QBDYMQ2F1CZ4O2XcINzWOdxXsge13R7MkIH0mFR2DYnuxE6cpd9s3QDJn45dJRtbC1woaX7IpKjPsrQRW1ODgkeUUYnHeQbZf/wTaSrJwINpFDVnm5KVCuoKgP9Pw/dasjUJhGAvs504gpap9Msr2yG8sS0WBRSoSVdFSM11NC09n30hwoXZJcGsA6Zlg969H94RiIPwkDpeNyGI/3plSHl3UuHhGKr4mjcWFzbmKT3uAHXQjH/DCvI7CGbCfvoXB90RLQe2ykVcUgR0k4lwwKE8zZncrvQEYqXuJ5gjBNmmK2AFrld/+F1LswG03Pr4RfS/OpH3hckpC+YhR1RpbMMWxt+8BQb8hntwl5rV5N1hGYePjJSdsqAhqf9QcdhLUj8OYEa5AKFtptyuIlSEla7xQDa4v4+8sisXE0KzTnGDJGkMgFCuT36BWei2mM8LL+LG0IVk3ckWU7m9G1hmZYD5TbJREEtJUcy/fGgyrX12paPn2r8wXaCgT+ymV3oZGbuOUfYB0sEhdSbvaKb2zhc4E9tPghKSGqpWgn5qW6Jy3omn6/UoYaWJEkhhE0tms6V17IZ2OqZ6HJCQ==",
            "tags": {},
            "tags_all": {}
          },
          "sensitive_attributes": [],
          "private": "eyJzY2hlbWFfdmVyc2lvbiI6IjEifQ==",
          "dependencies": [
            "tls_private_key.private_key"
          ]
        }
      ]
    },
    {
      "mode": "managed",
      "type": "aws_kms_key",
      "name": "kafka_kms_key",
      "provider": "provider[\"registry.terraform.io/hashicorp/aws\"]",
      "instances": [
        {
          "schema_version": 0,
          "attributes": {
            "arn": "arn:aws:kms:us-east-1:755209495094:key/6bba0165-fdfc-4c3e-8952-172d415e5213",
            "bypass_policy_lockout_safety_check": false,
            "custom_key_store_id": "",
            "customer_master_key_spec": "SYMMETRIC_DEFAULT",
            "deletion_window_in_days": null,
            "description": "Key for Apache Kafka",
            "enable_key_rotation": false,
            "id": "6bba0165-fdfc-4c3e-8952-172d415e5213",
            "is_enabled": true,
            "key_id": "6bba0165-fdfc-4c3e-8952-172d415e5213",
            "key_usage": "ENCRYPT_DECRYPT",
            "multi_region": false,
            "policy": "{\"Id\":\"key-default-1\",\"Statement\":[{\"Action\":\"kms:*\",\"Effect\":\"Allow\",\"Principal\":{\"AWS\":\"arn:aws:iam::755209495094:root\"},\"Resource\":\"*\",\"Sid\":\"Enable IAM User Permissions\"}],\"Version\":\"2012-10-17\"}",
            "tags": {},
            "tags_all": {}
          },
          "sensitive_attributes": [],
          "private": "bnVsbA=="
        }
      ]
    },
    {
      "mode": "managed",
      "type": "aws_msk_cluster",
      "name": "kafka",
      "provider": "provider[\"registry.terraform.io/hashicorp/aws\"]",
      "instances": [
        {
          "schema_version": 0,
          "attributes": {
            "arn": "arn:aws:kafka:us-east-1:755209495094:cluster/my-msk/93c09f7b-81a2-4b78-a4da-7678b6f441e7-22",
            "bootstrap_brokers": "b-1.mymsk.wdldzg.c22.kafka.us-east-1.amazonaws.com:9092,b-2.mymsk.wdldzg.c22.kafka.us-east-1.amazonaws.com:9092,b-3.mymsk.wdldzg.c22.kafka.us-east-1.amazonaws.com:9092",
            "bootstrap_brokers_public_sasl_iam": "",
            "bootstrap_brokers_public_sasl_scram": "",
            "bootstrap_brokers_public_tls": "",
            "bootstrap_brokers_sasl_iam": "",
            "bootstrap_brokers_sasl_scram": "",
            "bootstrap_brokers_tls": "",
            "bootstrap_brokers_vpc_connectivity_sasl_iam": "",
            "bootstrap_brokers_vpc_connectivity_sasl_scram": "",
            "bootstrap_brokers_vpc_connectivity_tls": "",
            "broker_node_group_info": [
              {
                "az_distribution": "DEFAULT",
                "client_subnets": [
                  "subnet-0746b888c51029a99",
                  "subnet-091fab1b8b9463795",
                  "subnet-0f3f2d718f40377d5"
                ],
                "connectivity_info": [
                  {
                    "public_access": [
                      {
                        "type": "DISABLED"
                      }
                    ],
                    "vpc_connectivity": [
                      {
                        "client_authentication": [
                          {
                            "sasl": [
                              {
                                "iam": false,
                                "scram": false
                              }
                            ],
                            "tls": false
                          }
                        ]
                      }
                    ]
                  }
                ],
                "instance_type": "kafka.t3.small",
                "security_groups": [
                  "sg-02b5272e763d77393"
                ],
                "storage_info": [
                  {
                    "ebs_storage_info": [
                      {
                        "provisioned_throughput": [],
                        "volume_size": 1000
                      }
                    ]
                  }
                ]
              }
            ],
            "client_authentication": [],
            "cluster_name": "my-msk",
            "configuration_info": [
              {
                "arn": "arn:aws:kafka:us-east-1:755209495094:configuration/my-msk-config/1772854d-3b58-4db3-82af-9728f60e73ba-22",
                "revision": 1
              }
            ],
            "current_version": "K3JWKAKR8XB7XF",
            "encryption_info": [
              {
                "encryption_at_rest_kms_key_arn": "arn:aws:kms:us-east-1:755209495094:key/6bba0165-fdfc-4c3e-8952-172d415e5213",
                "encryption_in_transit": [
                  {
                    "client_broker": "PLAINTEXT",
                    "in_cluster": true
                  }
                ]
              }
            ],
            "enhanced_monitoring": "DEFAULT",
            "id": "arn:aws:kafka:us-east-1:755209495094:cluster/my-msk/93c09f7b-81a2-4b78-a4da-7678b6f441e7-22",
            "kafka_version": "3.4.0",
            "logging_info": [
              {
                "broker_logs": [
                  {
                    "cloudwatch_logs": [
                      {
                        "enabled": true,
                        "log_group": "kafka_broker_logs"
                      }
                    ],
                    "firehose": [],
                    "s3": []
                  }
                ]
              }
            ],
            "number_of_broker_nodes": 3,
            "open_monitoring": [
              {
                "prometheus": [
                  {
                    "jmx_exporter": [
                      {
                        "enabled_in_broker": true
                      }
                    ],
                    "node_exporter": [
                      {
                        "enabled_in_broker": true
                      }
                    ]
                  }
                ]
              }
            ],
            "storage_mode": "LOCAL",
            "tags": {},
            "tags_all": {},
            "timeouts": null,
            "zookeeper_connect_string": "z-1.mymsk.wdldzg.c22.kafka.us-east-1.amazonaws.com:2181,z-2.mymsk.wdldzg.c22.kafka.us-east-1.amazonaws.com:2181,z-3.mymsk.wdldzg.c22.kafka.us-east-1.amazonaws.com:2181",
            "zookeeper_connect_string_tls": "z-1.mymsk.wdldzg.c22.kafka.us-east-1.amazonaws.com:2182,z-2.mymsk.wdldzg.c22.kafka.us-east-1.amazonaws.com:2182,z-3.mymsk.wdldzg.c22.kafka.us-east-1.amazonaws.com:2182"
          },
          "sensitive_attributes": [],
          "private": "eyJlMmJmYjczMC1lY2FhLTExZTYtOGY4OC0zNDM2M2JjN2M0YzAiOnsiY3JlYXRlIjo3MjAwMDAwMDAwMDAwLCJkZWxldGUiOjcyMDAwMDAwMDAwMDAsInVwZGF0ZSI6NzIwMDAwMDAwMDAwMH19",
          "dependencies": [
            "aws_cloudwatch_log_group.kafka_log_group",
            "aws_kms_key.kafka_kms_key",
            "aws_msk_configuration.kafka_config",
            "aws_security_group.kafka",
            "aws_subnet.private_subnet",
            "aws_vpc.default",
            "data.aws_availability_zones.available"
          ]
        }
      ]
    },
    {
      "mode": "managed",
      "type": "aws_msk_configuration",
      "name": "kafka_config",
      "provider": "provider[\"registry.terraform.io/hashicorp/aws\"]",
      "instances": [
        {
          "schema_version": 0,
          "attributes": {
            "arn": "arn:aws:kafka:us-east-1:755209495094:configuration/my-msk-config/1772854d-3b58-4db3-82af-9728f60e73ba-22",
            "description": "",
            "id": "arn:aws:kafka:us-east-1:755209495094:configuration/my-msk-config/1772854d-3b58-4db3-82af-9728f60e73ba-22",
            "kafka_versions": [
              "3.4.0"
            ],
            "latest_revision": 1,
            "name": "my-msk-config",
            "server_properties": "auto.create.topics.enable = true\ndelete.topic.enable = true\n"
          },
          "sensitive_attributes": [],
          "private": "bnVsbA=="
        }
      ]
    },
    {
      "mode": "managed",
      "type": "aws_route",
      "name": "default",
      "provider": "provider[\"registry.terraform.io/hashicorp/aws\"]",
      "instances": [
        {
          "schema_version": 0,
          "attributes": {
            "carrier_gateway_id": "",
            "core_network_arn": "",
            "destination_cidr_block": "0.0.0.0/0",
            "destination_ipv6_cidr_block": "",
            "destination_prefix_list_id": "",
            "egress_only_gateway_id": "",
            "gateway_id": "igw-0ef343672877bd267",
            "id": "r-rtb-06804c0233ae535d01080289494",
            "instance_id": "",
            "instance_owner_id": "",
            "local_gateway_id": "",
            "nat_gateway_id": "",
            "network_interface_id": "",
            "origin": "CreateRoute",
            "route_table_id": "rtb-06804c0233ae535d0",
            "state": "active",
            "timeouts": null,
            "transit_gateway_id": "",
            "vpc_endpoint_id": "",
            "vpc_peering_connection_id": ""
          },
          "sensitive_attributes": [],
          "private": "eyJlMmJmYjczMC1lY2FhLTExZTYtOGY4OC0zNDM2M2JjN2M0YzAiOnsiY3JlYXRlIjozMDAwMDAwMDAwMDAsImRlbGV0ZSI6MzAwMDAwMDAwMDAwLCJ1cGRhdGUiOjEyMDAwMDAwMDAwMH19",
          "dependencies": [
            "aws_internet_gateway.default",
            "aws_vpc.default"
          ]
        }
      ]
    },
    {
      "mode": "managed",
      "type": "aws_route_table",
      "name": "private_route_table",
      "provider": "provider[\"registry.terraform.io/hashicorp/aws\"]",
      "instances": [
        {
          "schema_version": 0,
          "attributes": {
            "arn": "arn:aws:ec2:us-east-1:755209495094:route-table/rtb-0e5f05d7f8b8a6078",
            "id": "rtb-0e5f05d7f8b8a6078",
            "owner_id": "755209495094",
            "propagating_vgws": [],
            "route": [],
            "tags": {},
            "tags_all": {},
            "timeouts": null,
            "vpc_id": "vpc-07bdf66f39a4039f4"
          },
          "sensitive_attributes": [],
          "private": "eyJlMmJmYjczMC1lY2FhLTExZTYtOGY4OC0zNDM2M2JjN2M0YzAiOnsiY3JlYXRlIjozMDAwMDAwMDAwMDAsImRlbGV0ZSI6MzAwMDAwMDAwMDAwLCJ1cGRhdGUiOjEyMDAwMDAwMDAwMH19",
          "dependencies": [
            "aws_vpc.default"
          ]
        }
      ]
    },
    {
      "mode": "managed",
      "type": "aws_route_table_association",
      "name": "private_subnet_association",
      "provider": "provider[\"registry.terraform.io/hashicorp/aws\"]",
      "instances": [
        {
          "index_key": 0,
          "schema_version": 0,
          "attributes": {
            "gateway_id": "",
            "id": "rtbassoc-005faae1be4bb0a0e",
            "route_table_id": "rtb-0e5f05d7f8b8a6078",
            "subnet_id": "subnet-0746b888c51029a99",
            "timeouts": null
          },
          "sensitive_attributes": [],
          "private": "eyJlMmJmYjczMC1lY2FhLTExZTYtOGY4OC0zNDM2M2JjN2M0YzAiOnsiY3JlYXRlIjozMDAwMDAwMDAwMDAsImRlbGV0ZSI6MzAwMDAwMDAwMDAwLCJ1cGRhdGUiOjEyMDAwMDAwMDAwMH19",
          "dependencies": [
            "aws_route_table.private_route_table",
            "aws_subnet.private_subnet",
            "aws_vpc.default",
            "data.aws_availability_zones.available"
          ]
        },
        {
          "index_key": 1,
          "schema_version": 0,
          "attributes": {
            "gateway_id": "",
            "id": "rtbassoc-00a80a9aa1d4180b5",
            "route_table_id": "rtb-0e5f05d7f8b8a6078",
            "subnet_id": "subnet-091fab1b8b9463795",
            "timeouts": null
          },
          "sensitive_attributes": [],
          "private": "eyJlMmJmYjczMC1lY2FhLTExZTYtOGY4OC0zNDM2M2JjN2M0YzAiOnsiY3JlYXRlIjozMDAwMDAwMDAwMDAsImRlbGV0ZSI6MzAwMDAwMDAwMDAwLCJ1cGRhdGUiOjEyMDAwMDAwMDAwMH19",
          "dependencies": [
            "aws_route_table.private_route_table",
            "aws_subnet.private_subnet",
            "aws_vpc.default",
            "data.aws_availability_zones.available"
          ]
        },
        {
          "index_key": 2,
          "schema_version": 0,
          "attributes": {
            "gateway_id": "",
            "id": "rtbassoc-0e949139cf773508f",
            "route_table_id": "rtb-0e5f05d7f8b8a6078",
            "subnet_id": "subnet-0f3f2d718f40377d5",
            "timeouts": null
          },
          "sensitive_attributes": [],
          "private": "eyJlMmJmYjczMC1lY2FhLTExZTYtOGY4OC0zNDM2M2JjN2M0YzAiOnsiY3JlYXRlIjozMDAwMDAwMDAwMDAsImRlbGV0ZSI6MzAwMDAwMDAwMDAwLCJ1cGRhdGUiOjEyMDAwMDAwMDAwMH19",
          "dependencies": [
            "aws_route_table.private_route_table",
            "aws_subnet.private_subnet",
            "aws_vpc.default",
            "data.aws_availability_zones.available"
          ]
        },
        {
          "index_key": 3,
          "schema_version": 0,
          "attributes": {
            "gateway_id": "",
            "id": "rtbassoc-005faae1be4bb0a0e",
            "route_table_id": "rtb-0e5f05d7f8b8a6078",
            "subnet_id": "subnet-0746b888c51029a99",
            "timeouts": null
          },
          "sensitive_attributes": [],
          "private": "eyJlMmJmYjczMC1lY2FhLTExZTYtOGY4OC0zNDM2M2JjN2M0YzAiOnsiY3JlYXRlIjozMDAwMDAwMDAwMDAsImRlbGV0ZSI6MzAwMDAwMDAwMDAwLCJ1cGRhdGUiOjEyMDAwMDAwMDAwMH19",
          "dependencies": [
            "aws_route_table.private_route_table",
            "aws_subnet.private_subnet",
            "aws_vpc.default",
            "data.aws_availability_zones.available"
          ]
        },
        {
          "index_key": 4,
          "schema_version": 0,
          "attributes": {
            "gateway_id": "",
            "id": "rtbassoc-00a80a9aa1d4180b5",
            "route_table_id": "rtb-0e5f05d7f8b8a6078",
            "subnet_id": "subnet-091fab1b8b9463795",
            "timeouts": null
          },
          "sensitive_attributes": [],
          "private": "eyJlMmJmYjczMC1lY2FhLTExZTYtOGY4OC0zNDM2M2JjN2M0YzAiOnsiY3JlYXRlIjozMDAwMDAwMDAwMDAsImRlbGV0ZSI6MzAwMDAwMDAwMDAwLCJ1cGRhdGUiOjEyMDAwMDAwMDAwMH19",
          "dependencies": [
            "aws_route_table.private_route_table",
            "aws_subnet.private_subnet",
            "aws_vpc.default",
            "data.aws_availability_zones.available"
          ]
        },
        {
          "index_key": 5,
          "schema_version": 0,
          "attributes": {
            "gateway_id": "",
            "id": "rtbassoc-0e949139cf773508f",
            "route_table_id": "rtb-0e5f05d7f8b8a6078",
            "subnet_id": "subnet-0f3f2d718f40377d5",
            "timeouts": null
          },
          "sensitive_attributes": [],
          "private": "eyJlMmJmYjczMC1lY2FhLTExZTYtOGY4OC0zNDM2M2JjN2M0YzAiOnsiY3JlYXRlIjozMDAwMDAwMDAwMDAsImRlbGV0ZSI6MzAwMDAwMDAwMDAwLCJ1cGRhdGUiOjEyMDAwMDAwMDAwMH19",
          "dependencies": [
            "aws_route_table.private_route_table",
            "aws_subnet.private_subnet",
            "aws_vpc.default",
            "data.aws_availability_zones.available"
          ]
        }
      ]
    },
    {
      "mode": "managed",
      "type": "aws_security_group",
      "name": "bastion_host",
      "provider": "provider[\"registry.terraform.io/hashicorp/aws\"]",
      "instances": [
        {
          "schema_version": 1,
          "attributes": {
            "arn": "arn:aws:ec2:us-east-1:755209495094:security-group/sg-063eb9c4b5b7c28b5",
            "description": "Managed by Terraform",
            "egress": [
              {
                "cidr_blocks": [
                  "0.0.0.0/0"
                ],
                "description": "",
                "from_port": 0,
                "ipv6_cidr_blocks": [],
                "prefix_list_ids": [],
                "protocol": "-1",
                "security_groups": [],
                "self": false,
                "to_port": 0
              }
            ],
            "id": "sg-063eb9c4b5b7c28b5",
            "ingress": [
              {
                "cidr_blocks": [
                  "0.0.0.0/0"
                ],
                "description": "",
                "from_port": 22,
                "ipv6_cidr_blocks": [],
                "prefix_list_ids": [],
                "protocol": "tcp",
                "security_groups": [],
                "self": false,
                "to_port": 22
              }
            ],
            "name": "my-msk-bastion-host",
            "name_prefix": "",
            "owner_id": "755209495094",
            "revoke_rules_on_delete": false,
            "tags": {},
            "tags_all": {},
            "timeouts": null,
            "vpc_id": "vpc-07bdf66f39a4039f4"
          },
          "sensitive_attributes": [],
          "private": "eyJlMmJmYjczMC1lY2FhLTExZTYtOGY4OC0zNDM2M2JjN2M0YzAiOnsiY3JlYXRlIjo2MDAwMDAwMDAwMDAsImRlbGV0ZSI6OTAwMDAwMDAwMDAwfSwic2NoZW1hX3ZlcnNpb24iOiIxIn0=",
          "dependencies": [
            "aws_vpc.default"
          ]
        }
      ]
    },
    {
      "mode": "managed",
      "type": "aws_security_group",
      "name": "kafka",
      "provider": "provider[\"registry.terraform.io/hashicorp/aws\"]",
      "instances": [
        {
          "schema_version": 1,
          "attributes": {
            "arn": "arn:aws:ec2:us-east-1:755209495094:security-group/sg-02b5272e763d77393",
            "description": "Managed by Terraform",
            "egress": [
              {
                "cidr_blocks": [
                  "0.0.0.0/0"
                ],
                "description": "",
                "from_port": 0,
                "ipv6_cidr_blocks": [],
                "prefix_list_ids": [],
                "protocol": "-1",
                "security_groups": [],
                "self": false,
                "to_port": 0
              }
            ],
            "id": "sg-02b5272e763d77393",
            "ingress": [
              {
                "cidr_blocks": [
                  "10.0.1.0/24",
                  "10.0.2.0/24",
                  "10.0.3.0/24"
                ],
                "description": "",
                "from_port": 0,
                "ipv6_cidr_blocks": [],
                "prefix_list_ids": [],
                "protocol": "tcp",
                "security_groups": [],
                "self": false,
                "to_port": 9092
              },
              {
                "cidr_blocks": [
                  "10.0.4.0/24"
                ],
                "description": "",
                "from_port": 0,
                "ipv6_cidr_blocks": [],
                "prefix_list_ids": [],
                "protocol": "tcp",
                "security_groups": [],
                "self": false,
                "to_port": 9092
              }
            ],
            "name": "my-msk-kafka",
            "name_prefix": "",
            "owner_id": "755209495094",
            "revoke_rules_on_delete": false,
            "tags": {},
            "tags_all": {},
            "timeouts": null,
            "vpc_id": "vpc-07bdf66f39a4039f4"
          },
          "sensitive_attributes": [],
          "private": "eyJlMmJmYjczMC1lY2FhLTExZTYtOGY4OC0zNDM2M2JjN2M0YzAiOnsiY3JlYXRlIjo2MDAwMDAwMDAwMDAsImRlbGV0ZSI6OTAwMDAwMDAwMDAwfSwic2NoZW1hX3ZlcnNpb24iOiIxIn0=",
          "dependencies": [
            "aws_vpc.default"
          ]
        }
      ]
    },
    {
      "mode": "managed",
      "type": "aws_subnet",
      "name": "bastion_host_subnet",
      "provider": "provider[\"registry.terraform.io/hashicorp/aws\"]",
      "instances": [
        {
          "schema_version": 1,
          "attributes": {
            "arn": "arn:aws:ec2:us-east-1:755209495094:subnet/subnet-092d1a22e29865c37",
            "assign_ipv6_address_on_creation": false,
            "availability_zone": "us-east-1a",
            "availability_zone_id": "use1-az6",
            "cidr_block": "10.0.4.0/24",
            "customer_owned_ipv4_pool": "",
            "enable_dns64": false,
            "enable_lni_at_device_index": 0,
            "enable_resource_name_dns_a_record_on_launch": false,
            "enable_resource_name_dns_aaaa_record_on_launch": false,
            "id": "subnet-092d1a22e29865c37",
            "ipv6_cidr_block": "",
            "ipv6_cidr_block_association_id": "",
            "ipv6_native": false,
            "map_customer_owned_ip_on_launch": false,
            "map_public_ip_on_launch": true,
            "outpost_arn": "",
            "owner_id": "755209495094",
            "private_dns_hostname_type_on_launch": "ip-name",
            "tags": {},
            "tags_all": {},
            "timeouts": null,
            "vpc_id": "vpc-07bdf66f39a4039f4"
          },
          "sensitive_attributes": [],
          "private": "eyJlMmJmYjczMC1lY2FhLTExZTYtOGY4OC0zNDM2M2JjN2M0YzAiOnsiY3JlYXRlIjo2MDAwMDAwMDAwMDAsImRlbGV0ZSI6MTIwMDAwMDAwMDAwMH0sInNjaGVtYV92ZXJzaW9uIjoiMSJ9",
          "dependencies": [
            "aws_vpc.default",
            "data.aws_availability_zones.available"
          ]
        }
      ]
    },
    {
      "mode": "managed",
      "type": "aws_subnet",
      "name": "private_subnet",
      "provider": "provider[\"registry.terraform.io/hashicorp/aws\"]",
      "instances": [
        {
          "index_key": 0,
          "schema_version": 1,
          "attributes": {
            "arn": "arn:aws:ec2:us-east-1:755209495094:subnet/subnet-0746b888c51029a99",
            "assign_ipv6_address_on_creation": false,
            "availability_zone": "us-east-1a",
            "availability_zone_id": "use1-az6",
            "cidr_block": "10.0.1.0/24",
            "customer_owned_ipv4_pool": "",
            "enable_dns64": false,
            "enable_lni_at_device_index": 0,
            "enable_resource_name_dns_a_record_on_launch": false,
            "enable_resource_name_dns_aaaa_record_on_launch": false,
            "id": "subnet-0746b888c51029a99",
            "ipv6_cidr_block": "",
            "ipv6_cidr_block_association_id": "",
            "ipv6_native": false,
            "map_customer_owned_ip_on_launch": false,
            "map_public_ip_on_launch": false,
            "outpost_arn": "",
            "owner_id": "755209495094",
            "private_dns_hostname_type_on_launch": "ip-name",
            "tags": {},
            "tags_all": {},
            "timeouts": null,
            "vpc_id": "vpc-07bdf66f39a4039f4"
          },
          "sensitive_attributes": [],
          "private": "eyJlMmJmYjczMC1lY2FhLTExZTYtOGY4OC0zNDM2M2JjN2M0YzAiOnsiY3JlYXRlIjo2MDAwMDAwMDAwMDAsImRlbGV0ZSI6MTIwMDAwMDAwMDAwMH0sInNjaGVtYV92ZXJzaW9uIjoiMSJ9",
          "dependencies": [
            "aws_vpc.default",
            "data.aws_availability_zones.available"
          ]
        },
        {
          "index_key": 1,
          "schema_version": 1,
          "attributes": {
            "arn": "arn:aws:ec2:us-east-1:755209495094:subnet/subnet-091fab1b8b9463795",
            "assign_ipv6_address_on_creation": false,
            "availability_zone": "us-east-1b",
            "availability_zone_id": "use1-az1",
            "cidr_block": "10.0.2.0/24",
            "customer_owned_ipv4_pool": "",
            "enable_dns64": false,
            "enable_lni_at_device_index": 0,
            "enable_resource_name_dns_a_record_on_launch": false,
            "enable_resource_name_dns_aaaa_record_on_launch": false,
            "id": "subnet-091fab1b8b9463795",
            "ipv6_cidr_block": "",
            "ipv6_cidr_block_association_id": "",
            "ipv6_native": false,
            "map_customer_owned_ip_on_launch": false,
            "map_public_ip_on_launch": false,
            "outpost_arn": "",
            "owner_id": "755209495094",
            "private_dns_hostname_type_on_launch": "ip-name",
            "tags": {},
            "tags_all": {},
            "timeouts": null,
            "vpc_id": "vpc-07bdf66f39a4039f4"
          },
          "sensitive_attributes": [],
          "private": "eyJlMmJmYjczMC1lY2FhLTExZTYtOGY4OC0zNDM2M2JjN2M0YzAiOnsiY3JlYXRlIjo2MDAwMDAwMDAwMDAsImRlbGV0ZSI6MTIwMDAwMDAwMDAwMH0sInNjaGVtYV92ZXJzaW9uIjoiMSJ9",
          "dependencies": [
            "aws_vpc.default",
            "data.aws_availability_zones.available"
          ]
        },
        {
          "index_key": 2,
          "schema_version": 1,
          "attributes": {
            "arn": "arn:aws:ec2:us-east-1:755209495094:subnet/subnet-0f3f2d718f40377d5",
            "assign_ipv6_address_on_creation": false,
            "availability_zone": "us-east-1c",
            "availability_zone_id": "use1-az2",
            "cidr_block": "10.0.3.0/24",
            "customer_owned_ipv4_pool": "",
            "enable_dns64": false,
            "enable_lni_at_device_index": 0,
            "enable_resource_name_dns_a_record_on_launch": false,
            "enable_resource_name_dns_aaaa_record_on_launch": false,
            "id": "subnet-0f3f2d718f40377d5",
            "ipv6_cidr_block": "",
            "ipv6_cidr_block_association_id": "",
            "ipv6_native": false,
            "map_customer_owned_ip_on_launch": false,
            "map_public_ip_on_launch": false,
            "outpost_arn": "",
            "owner_id": "755209495094",
            "private_dns_hostname_type_on_launch": "ip-name",
            "tags": {},
            "tags_all": {},
            "timeouts": null,
            "vpc_id": "vpc-07bdf66f39a4039f4"
          },
          "sensitive_attributes": [],
          "private": "eyJlMmJmYjczMC1lY2FhLTExZTYtOGY4OC0zNDM2M2JjN2M0YzAiOnsiY3JlYXRlIjo2MDAwMDAwMDAwMDAsImRlbGV0ZSI6MTIwMDAwMDAwMDAwMH0sInNjaGVtYV92ZXJzaW9uIjoiMSJ9",
          "dependencies": [
            "aws_vpc.default",
            "data.aws_availability_zones.available"
          ]
        }
      ]
    },
    {
      "mode": "managed",
      "type": "aws_vpc",
      "name": "default",
      "provider": "provider[\"registry.terraform.io/hashicorp/aws\"]",
      "instances": [
        {
          "schema_version": 1,
          "attributes": {
            "arn": "arn:aws:ec2:us-east-1:755209495094:vpc/vpc-07bdf66f39a4039f4",
            "assign_generated_ipv6_cidr_block": false,
            "cidr_block": "10.0.0.0/16",
            "default_network_acl_id": "acl-00f8a87f4b1f00fbc",
            "default_route_table_id": "rtb-06804c0233ae535d0",
            "default_security_group_id": "sg-09247da5da9ce5488",
            "dhcp_options_id": "dopt-02c6d478",
            "enable_dns_hostnames": true,
            "enable_dns_support": true,
            "enable_network_address_usage_metrics": false,
            "id": "vpc-07bdf66f39a4039f4",
            "instance_tenancy": "default",
            "ipv4_ipam_pool_id": null,
            "ipv4_netmask_length": null,
            "ipv6_association_id": "",
            "ipv6_cidr_block": "",
            "ipv6_cidr_block_network_border_group": "",
            "ipv6_ipam_pool_id": "",
            "ipv6_netmask_length": 0,
            "main_route_table_id": "rtb-06804c0233ae535d0",
            "owner_id": "755209495094",
            "tags": {},
            "tags_all": {}
          },
          "sensitive_attributes": [],
          "private": "eyJzY2hlbWFfdmVyc2lvbiI6IjEifQ=="
        }
      ]
    },
    {
      "mode": "managed",
      "type": "local_file",
      "name": "private_key",
      "provider": "provider[\"registry.terraform.io/hashicorp/local\"]",
      "instances": [
        {
          "schema_version": 0,
          "attributes": {
            "content": "-----BEGIN RSA PRIVATE KEY-----\nMIIJKAIBAAKCAgEAu7svY2j/xJPXN1V5cC5vlrNgmJ0nMwVkf5HYrEJ+IuQmN8Tl\nDRrPESPGsP5umawIIGtXbXjxhK2hVWqmi8WK+2hq1BOEAQ2DENhdQmeDtl3CDc1j\nncV7IHtd0ezJCB9JhUdg2J7sROnKXfbN0AyZ+OXSUbWwtcKGl+yKSoz7K0EVtTg4\nJHlFGJx3kG2X/8E2kqycCDaRQ1Z5uSlQrqCoD/T8P3WrI1CYRgL7OdOIKWqfTLK9\nshvLEtFgUUqElXRUjNdTQtPZ99IcKF2SXBrAOmZYPevR/eEYiD8JA6XjchiP96ZU\nh5d1Lh4Riq+Jo3Fhc25ik97gB10Ix/wwryOwhmwn76FwfdES0HtspFXFIEdJOJcM\nChPM2Z3K70BGKl7ieYIwTZpitgBa5Xf/hdS7MBtNz6+EX0vzqR94XJKQvmIUdUaW\nzDFsbfvAUG/IZ7cJea1eTdYRmHj4yUnbKgIan/UHHYS1I/DmBGuQChbabcriJUhJ\nWu8UA2uL+PvLIrFxNCs05xgyRpDIBQrk9+gVnotpjPCy/ixtCFZN3JFlO5vRtYZm\nWA+U2yURBLSVHMv3xoMq19dqWj59q/MF2goE/spld6GRm7jlH2AdLBIXUm72im9s\n4XOBPbT4ISkhqqVoJ+aluict6Jp+v1KGGliRJIYRNLZrOldeyGdjqmehyQkCAwEA\nAQKCAgEAhx5pM0HlpVVLd/Y7W7TweCVPh0jFaAGfnfoZW5LYOsC/iTBcNBxxoUKA\nxe+7Jzwc9UiNOqvsGbTnBBWpHbznFaDIEzCguClDhqJULXFX6bB99XU5F9uFjZF9\nq5Sj9Qaf4h/H4uIv6EHld9AlvnLzd6PixxDgyVHjkgGcX6AtP6qutypprkbipp4n\nqHpZBqnIX7WA8KBl2XOqVM0Z1zanACUyUXKd5OMjVnDa5XoM7NJjKc8UnddHSJoO\nmzPpTbDXEjABK35Tyf0eayc+KrDOXro/FQJguDyFbbsA//EsTXjEVlkPSjCHFNRr\nh8hkZpE6tNxkc03dLS+XHGm1mLk1Wa4qbnVLiAuN3A/T3q7kDVLJfjB9ij7xCqvL\nzJbQiS9m+cp9KdlZDWE1r8a6ZbtrFmI6DRdSEDjVPRhcrkysmyy5fptBAFbzyXdC\nqISe7pPZfi6b44u+s840TMmrE8+5JLyy7qiq7FZ5hRiMRYwEZAF0by29Rj0oXsoO\nDS5lhFJ9Cm0eMAYBb9FD0iJOZSrmloD5Pai7KwlvxJPUddPApCy0i3hEs79PKJ86\n2rPNc17Eyo+fqbP3YqeA6Fq8+XFn6oXjYI7mzBI/AZdgdWY3OVjPDh8sPW2XOTln\nDUaKAQfd1iHRzJbLe1Q2yU9fFuGBicjEZ/h94o/M+Bsh2bAifCECggEBAMgz8ubF\n5ab/9optDg4tsqol2XxxBaLSZMRJKt2nmON5AqN8XbWM3nlydjKnB8N0ON89Cbu4\nYGHg3RgFlpHBWmd86E+vweIGCj+MoQqCMqgNZHW2qZQiliJn3/XkyOOWnwFJD/m3\nakH6PLjS/u2iZn3hX+Vr/2tMR2YgNivhfxPN3ZEnyY7IDmU/sKJE1vO2Domj9hiy\nYiKcC/0ywW3T9EZ8CPyGj6TR6r4e7gP0n7zKsO7VugjJVOlUTsRN0OQBoCFAMcFi\nme6W65/C6zskDqVgi8OunJDoLD0oGI9fREQonylz47UY66ye9u+3xpiqEEzBnBOu\nFSDj7ddZtmfQdz0CggEBAPANZ50ORgYG3sX2E2pX2mF6aws3LMuSmqPUXd+UWrYZ\nwRsUmqmnCLIfzCCtwDyU5q96P60u2U9bvRh9quoIYzkDAyzZzNeZiHXrVMmPhZ2G\nEvsZFyyzf0RRvpr7s2mfYwLgCpe8hIsq477YMJibSp7PVjyUMwEDtH8uOI7LJ/wQ\nRIR9u+aaPXPKvWyE88hWp4JMtjD4luPdeqE9AYsPrZL2OEXsyUvSV36kwHAK64MT\n+1eZ5K7D+rZXz4Cj7rdQJJzZIJFaF/A2wfPE9U+2YpTBbcvp4O2k5SKraEXsmp9i\neWznxrQel+uSiO43l2FAGXQ6MsM/mSDRMJf+z+XU1b0CggEAfP/qfmo7bFzOuzlC\nGFox/ohpVYhf43yHzAJ/ECwvin+oxRjGja9pzNxJrnCZqVCsnb3HkPyauSIkCXab\nv1/BKXJUvkRXwt7QkUMl3aDTLhhGjDTDhqldohfHPwlc4LTPjIbowZriblVmimO7\nJfZLFfec32rh7EWRItOj3xwJMv1LhPEZqNuCGXd9uqNOrpYSV6AW7O6b1U4nMiz5\nlrBLCaMyHTGLCHbEoXZAWBnpjn/jnwu0/v1t1c187JZFgcb+CyTArCT7RXvXnEWg\nh6mIt3sjaMdiHBvKW1jolMP/pKrUTZZ9KzpnE72hIqVVC0bLrJEJ+UOtD38gpl/u\nQr1nZQKCAQBxuWgE9+YkpMyVbGb2UnibBawAvDr0lpe8VbfDXD09WCYr9i7vgLqV\n6IqEUMxp5wEC0R+ppDA/cG69U4vNI/wd3ld6wBRTb+E+PCcG9n+OiR4k51YbT05T\nx4ZNVkFBIMl/azSZfi4s4DzVBQbAxZEse32XZX5kVKUGO5d/zq86s1pCim6iaSAD\n42CqMLJtjt/80urdeGfDvAGEsaoxf1Pz88HlHrCewx/AV7zzV7kLeEPy1G2Kfj4g\ndKlRgFhvcABoblUHh28f1lE8c2rkQLujTZ/+ouZ0r1H+gsX7moQGTljIR2XTn0rJ\nx7onYR7Oa9ejQI8cAN1CttgWqhlEAPjhAoIBAEv3farHBdgRqJCw/WSAMXcC1pUU\nPjjSgRmDinpeu9WtsqGGOYfwtErrEncVk6f9V0Lu6d4CnFMsRvMLSqF8Tag98xE5\nSVLZ0D4lnTBXYPQJth0FQMmWJtmHp0ApEvjXSOqqi7xZhFXCyHrwxIArCaduVAAy\nB0mpNnHDRKBXjVOEnTkR+u8zrTK8b/IrNT58PZEAtnoEaNTeOeudN8npMY8ebuWB\nYuAUQM1tD/zLnw4QnqSprqy79ganbON9nYwcce1ZHVV4LVP+Ns1ip4BjWKZ94ilG\nyChFrE8D11Qw5Zd3E7iRyjhQTV0yGi+JSsUCs/t71msIZducWKv0ZYXQgps=\n-----END RSA PRIVATE KEY-----\n",
            "content_base64": null,
            "content_base64sha256": "2KjrHbAOJqXS/5YoF1C5csO5iDIEuLPuZ8vsrFrHGrU=",
            "content_base64sha512": "bSpcwD34tFfNNx1+ZWQR2OGAdUu0XOXlxEk4Mo1Fsc4gMQtoOgOVkXRCyPZN0QPQKGzXP7d+FcysMuePPSGJzw==",
            "content_md5": "4445621ccd86471a761bedd72886b2de",
            "content_sha1": "00690350ff18f5badebc3d141ca127eafbb62a62",
            "content_sha256": "d8a8eb1db00e26a5d2ff96281750b972c3b9883204b8b3ee67cbecac5ac71ab5",
            "content_sha512": "6d2a5cc03df8b457cd371d7e656411d8e180754bb45ce5e5c44938328d45b1ce20310b683a0395917442c8f64dd103d0286cd73fb77e15ccac32e78f3d2189cf",
            "directory_permission": "0777",
            "file_permission": "0777",
            "filename": "cert.pem",
            "id": "00690350ff18f5badebc3d141ca127eafbb62a62",
            "sensitive_content": null,
            "source": null
          },
          "sensitive_attributes": [
            [
              {
                "type": "get_attr",
                "value": "content"
              }
            ]
          ],
          "dependencies": [
            "tls_private_key.private_key"
          ]
        }
      ]
    },
    {
      "mode": "managed",
      "type": "null_resource",
      "name": "private_key_permissions",
      "provider": "provider[\"registry.terraform.io/hashicorp/null\"]",
      "instances": [
        {
          "schema_version": 0,
          "attributes": {
            "id": "5079423795641180236",
            "triggers": null
          },
          "sensitive_attributes": [],
          "dependencies": [
            "local_file.private_key",
            "tls_private_key.private_key"
          ]
        }
      ]
    },
    {
      "mode": "managed",
      "type": "tls_private_key",
      "name": "private_key",
      "provider": "provider[\"registry.terraform.io/hashicorp/tls\"]",
      "instances": [
        {
          "schema_version": 1,
          "attributes": {
            "algorithm": "RSA",
            "ecdsa_curve": "P224",
            "id": "c91909da09f57f8e2979f2fa945f6cfb16b91627",
            "private_key_openssh": "-----BEGIN OPENSSH PRIVATE KEY-----\nb3BlbnNzaC1rZXktdjEAAAAABG5vbmUAAAAEbm9uZQAAAAAAAAABAAACFwAAAAdz\nc2gtcnNhAAAAAwEAAQAAAgEAu7svY2j/xJPXN1V5cC5vlrNgmJ0nMwVkf5HYrEJ+\nIuQmN8TlDRrPESPGsP5umawIIGtXbXjxhK2hVWqmi8WK+2hq1BOEAQ2DENhdQmeD\ntl3CDc1jncV7IHtd0ezJCB9JhUdg2J7sROnKXfbN0AyZ+OXSUbWwtcKGl+yKSoz7\nK0EVtTg4JHlFGJx3kG2X/8E2kqycCDaRQ1Z5uSlQrqCoD/T8P3WrI1CYRgL7OdOI\nKWqfTLK9shvLEtFgUUqElXRUjNdTQtPZ99IcKF2SXBrAOmZYPevR/eEYiD8JA6Xj\nchiP96ZUh5d1Lh4Riq+Jo3Fhc25ik97gB10Ix/wwryOwhmwn76FwfdES0HtspFXF\nIEdJOJcMChPM2Z3K70BGKl7ieYIwTZpitgBa5Xf/hdS7MBtNz6+EX0vzqR94XJKQ\nvmIUdUaWzDFsbfvAUG/IZ7cJea1eTdYRmHj4yUnbKgIan/UHHYS1I/DmBGuQChba\nbcriJUhJWu8UA2uL+PvLIrFxNCs05xgyRpDIBQrk9+gVnotpjPCy/ixtCFZN3JFl\nO5vRtYZmWA+U2yURBLSVHMv3xoMq19dqWj59q/MF2goE/spld6GRm7jlH2AdLBIX\nUm72im9s4XOBPbT4ISkhqqVoJ+aluict6Jp+v1KGGliRJIYRNLZrOldeyGdjqmeh\nyQkAAAc4mIasbJiGrGwAAAAHc3NoLXJzYQAAAgEAu7svY2j/xJPXN1V5cC5vlrNg\nmJ0nMwVkf5HYrEJ+IuQmN8TlDRrPESPGsP5umawIIGtXbXjxhK2hVWqmi8WK+2hq\n1BOEAQ2DENhdQmeDtl3CDc1jncV7IHtd0ezJCB9JhUdg2J7sROnKXfbN0AyZ+OXS\nUbWwtcKGl+yKSoz7K0EVtTg4JHlFGJx3kG2X/8E2kqycCDaRQ1Z5uSlQrqCoD/T8\nP3WrI1CYRgL7OdOIKWqfTLK9shvLEtFgUUqElXRUjNdTQtPZ99IcKF2SXBrAOmZY\nPevR/eEYiD8JA6XjchiP96ZUh5d1Lh4Riq+Jo3Fhc25ik97gB10Ix/wwryOwhmwn\n76FwfdES0HtspFXFIEdJOJcMChPM2Z3K70BGKl7ieYIwTZpitgBa5Xf/hdS7MBtN\nz6+EX0vzqR94XJKQvmIUdUaWzDFsbfvAUG/IZ7cJea1eTdYRmHj4yUnbKgIan/UH\nHYS1I/DmBGuQChbabcriJUhJWu8UA2uL+PvLIrFxNCs05xgyRpDIBQrk9+gVnotp\njPCy/ixtCFZN3JFlO5vRtYZmWA+U2yURBLSVHMv3xoMq19dqWj59q/MF2goE/spl\nd6GRm7jlH2AdLBIXUm72im9s4XOBPbT4ISkhqqVoJ+aluict6Jp+v1KGGliRJIYR\nNLZrOldeyGdjqmehyQkAAAADAQABAAACAQCHHmkzQeWlVUt39jtbtPB4JU+HSMVo\nAZ+d+hlbktg6wL+JMFw0HHGhQoDF77snPBz1SI06q+wZtOcEFakdvOcVoMgTMKC4\nKUOGolQtcVfpsH31dTkX24WNkX2rlKP1Bp/iH8fi4i/oQeV30CW+cvN3o+LHEODJ\nUeOSAZxfoC0/qq63KmmuRuKmnieoelkGqchftYDwoGXZc6pUzRnXNqcAJTJRcp3k\n4yNWcNrlegzs0mMpzxSd10dImg6bM+lNsNcSMAErflPJ/R5rJz4qsM5euj8VAmC4\nPIVtuwD/8SxNeMRWWQ9KMIcU1GuHyGRmkTq03GRzTd0tL5ccabWYuTVZripudUuI\nC43cD9PeruQNUsl+MH2KPvEKq8vMltCJL2b5yn0p2VkNYTWvxrplu2sWYjoNF1IQ\nONU9GFyuTKybLLl+m0EAVvPJd0KohJ7uk9l+Lpvji76zzjRMyasTz7kkvLLuqKrs\nVnmFGIxFjARkAXRvLb1GPSheyg4NLmWEUn0KbR4wBgFv0UPSIk5lKuaWgPk9qLsr\nCW/Ek9R108CkLLSLeESzv08onzras81zXsTKj5+ps/dip4DoWrz5cWfqheNgjubM\nEj8Bl2B1Zjc5WM8OHyw9bZc5OWcNRooBB93WIdHMlst7VDbJT18W4YGJyMRn+H3i\nj8z4GyHZsCJ8IQAAAQBL932qxwXYEaiQsP1kgDF3AtaVFD440oEZg4p6XrvVrbKh\nhjmH8LRK6xJ3FZOn/VdC7uneApxTLEbzC0qhfE2oPfMROUlS2dA+JZ0wV2D0CbYd\nBUDJlibZh6dAKRL410jqqou8WYRVwsh68MSAKwmnblQAMgdJqTZxw0SgV41ThJ05\nEfrvM60yvG/yKzU+fD2RALZ6BGjU3jnrnTfJ6TGPHm7lgWLgFEDNbQ/8y58OEJ6k\nqa6su/YGp2zjfZ2MHHHtWR1VeC1T/jbNYqeAY1imfeIpRsgoRaxPA9dUMOWXdxO4\nkco4UE1dMhoviUrFArP7e9ZrCGXbnFir9GWF0IKbAAABAQDIM/LmxeWm//aKbQ4O\nLbKqJdl8cQWi0mTESSrdp5jjeQKjfF21jN55cnYypwfDdDjfPQm7uGBh4N0YBZaR\nwVpnfOhPr8HiBgo/jKEKgjKoDWR1tqmUIpYiZ9/15Mjjlp8BSQ/5t2pB+jy40v7t\nomZ94V/la/9rTEdmIDYr4X8Tzd2RJ8mOyA5lP7CiRNbztg6Jo/YYsmIinAv9MsFt\n0/RGfAj8ho+k0eq+Hu4D9J+8yrDu1boIyVTpVE7ETdDkAaAhQDHBYpnuluufwus7\nJA6lYIvDrpyQ6Cw9KBiPX0REKJ8pc+O1GOusnvbvt8aYqhBMwZwTrhUg4+3XWbZn\n0Hc9AAABAQDwDWedDkYGBt7F9hNqV9phemsLNyzLkpqj1F3flFq2GcEbFJqppwiy\nH8wgrcA8lOavej+tLtlPW70YfarqCGM5AwMs2czXmYh161TJj4WdhhL7GRcss39E\nUb6a+7Npn2MC4AqXvISLKuO+2DCYm0qez1Y8lDMBA7R/LjiOyyf8EESEfbvmmj1z\nyr1shPPIVqeCTLYw+Jbj3XqhPQGLD62S9jhF7MlL0ld+pMBwCuuDE/tXmeSuw/q2\nV8+Ao+63UCSc2SCRWhfwNsHzxPVPtmKUwW3L6eDtpOUiq2hF7JqfYnls58a0Hpfr\nkojuN5dhQBl0OjLDP5kg0TCX/s/l1NW9AAAAAAEC\n-----END OPENSSH PRIVATE KEY-----\n",
            "private_key_pem": "-----BEGIN RSA PRIVATE KEY-----\nMIIJKAIBAAKCAgEAu7svY2j/xJPXN1V5cC5vlrNgmJ0nMwVkf5HYrEJ+IuQmN8Tl\nDRrPESPGsP5umawIIGtXbXjxhK2hVWqmi8WK+2hq1BOEAQ2DENhdQmeDtl3CDc1j\nncV7IHtd0ezJCB9JhUdg2J7sROnKXfbN0AyZ+OXSUbWwtcKGl+yKSoz7K0EVtTg4\nJHlFGJx3kG2X/8E2kqycCDaRQ1Z5uSlQrqCoD/T8P3WrI1CYRgL7OdOIKWqfTLK9\nshvLEtFgUUqElXRUjNdTQtPZ99IcKF2SXBrAOmZYPevR/eEYiD8JA6XjchiP96ZU\nh5d1Lh4Riq+Jo3Fhc25ik97gB10Ix/wwryOwhmwn76FwfdES0HtspFXFIEdJOJcM\nChPM2Z3K70BGKl7ieYIwTZpitgBa5Xf/hdS7MBtNz6+EX0vzqR94XJKQvmIUdUaW\nzDFsbfvAUG/IZ7cJea1eTdYRmHj4yUnbKgIan/UHHYS1I/DmBGuQChbabcriJUhJ\nWu8UA2uL+PvLIrFxNCs05xgyRpDIBQrk9+gVnotpjPCy/ixtCFZN3JFlO5vRtYZm\nWA+U2yURBLSVHMv3xoMq19dqWj59q/MF2goE/spld6GRm7jlH2AdLBIXUm72im9s\n4XOBPbT4ISkhqqVoJ+aluict6Jp+v1KGGliRJIYRNLZrOldeyGdjqmehyQkCAwEA\nAQKCAgEAhx5pM0HlpVVLd/Y7W7TweCVPh0jFaAGfnfoZW5LYOsC/iTBcNBxxoUKA\nxe+7Jzwc9UiNOqvsGbTnBBWpHbznFaDIEzCguClDhqJULXFX6bB99XU5F9uFjZF9\nq5Sj9Qaf4h/H4uIv6EHld9AlvnLzd6PixxDgyVHjkgGcX6AtP6qutypprkbipp4n\nqHpZBqnIX7WA8KBl2XOqVM0Z1zanACUyUXKd5OMjVnDa5XoM7NJjKc8UnddHSJoO\nmzPpTbDXEjABK35Tyf0eayc+KrDOXro/FQJguDyFbbsA//EsTXjEVlkPSjCHFNRr\nh8hkZpE6tNxkc03dLS+XHGm1mLk1Wa4qbnVLiAuN3A/T3q7kDVLJfjB9ij7xCqvL\nzJbQiS9m+cp9KdlZDWE1r8a6ZbtrFmI6DRdSEDjVPRhcrkysmyy5fptBAFbzyXdC\nqISe7pPZfi6b44u+s840TMmrE8+5JLyy7qiq7FZ5hRiMRYwEZAF0by29Rj0oXsoO\nDS5lhFJ9Cm0eMAYBb9FD0iJOZSrmloD5Pai7KwlvxJPUddPApCy0i3hEs79PKJ86\n2rPNc17Eyo+fqbP3YqeA6Fq8+XFn6oXjYI7mzBI/AZdgdWY3OVjPDh8sPW2XOTln\nDUaKAQfd1iHRzJbLe1Q2yU9fFuGBicjEZ/h94o/M+Bsh2bAifCECggEBAMgz8ubF\n5ab/9optDg4tsqol2XxxBaLSZMRJKt2nmON5AqN8XbWM3nlydjKnB8N0ON89Cbu4\nYGHg3RgFlpHBWmd86E+vweIGCj+MoQqCMqgNZHW2qZQiliJn3/XkyOOWnwFJD/m3\nakH6PLjS/u2iZn3hX+Vr/2tMR2YgNivhfxPN3ZEnyY7IDmU/sKJE1vO2Domj9hiy\nYiKcC/0ywW3T9EZ8CPyGj6TR6r4e7gP0n7zKsO7VugjJVOlUTsRN0OQBoCFAMcFi\nme6W65/C6zskDqVgi8OunJDoLD0oGI9fREQonylz47UY66ye9u+3xpiqEEzBnBOu\nFSDj7ddZtmfQdz0CggEBAPANZ50ORgYG3sX2E2pX2mF6aws3LMuSmqPUXd+UWrYZ\nwRsUmqmnCLIfzCCtwDyU5q96P60u2U9bvRh9quoIYzkDAyzZzNeZiHXrVMmPhZ2G\nEvsZFyyzf0RRvpr7s2mfYwLgCpe8hIsq477YMJibSp7PVjyUMwEDtH8uOI7LJ/wQ\nRIR9u+aaPXPKvWyE88hWp4JMtjD4luPdeqE9AYsPrZL2OEXsyUvSV36kwHAK64MT\n+1eZ5K7D+rZXz4Cj7rdQJJzZIJFaF/A2wfPE9U+2YpTBbcvp4O2k5SKraEXsmp9i\neWznxrQel+uSiO43l2FAGXQ6MsM/mSDRMJf+z+XU1b0CggEAfP/qfmo7bFzOuzlC\nGFox/ohpVYhf43yHzAJ/ECwvin+oxRjGja9pzNxJrnCZqVCsnb3HkPyauSIkCXab\nv1/BKXJUvkRXwt7QkUMl3aDTLhhGjDTDhqldohfHPwlc4LTPjIbowZriblVmimO7\nJfZLFfec32rh7EWRItOj3xwJMv1LhPEZqNuCGXd9uqNOrpYSV6AW7O6b1U4nMiz5\nlrBLCaMyHTGLCHbEoXZAWBnpjn/jnwu0/v1t1c187JZFgcb+CyTArCT7RXvXnEWg\nh6mIt3sjaMdiHBvKW1jolMP/pKrUTZZ9KzpnE72hIqVVC0bLrJEJ+UOtD38gpl/u\nQr1nZQKCAQBxuWgE9+YkpMyVbGb2UnibBawAvDr0lpe8VbfDXD09WCYr9i7vgLqV\n6IqEUMxp5wEC0R+ppDA/cG69U4vNI/wd3ld6wBRTb+E+PCcG9n+OiR4k51YbT05T\nx4ZNVkFBIMl/azSZfi4s4DzVBQbAxZEse32XZX5kVKUGO5d/zq86s1pCim6iaSAD\n42CqMLJtjt/80urdeGfDvAGEsaoxf1Pz88HlHrCewx/AV7zzV7kLeEPy1G2Kfj4g\ndKlRgFhvcABoblUHh28f1lE8c2rkQLujTZ/+ouZ0r1H+gsX7moQGTljIR2XTn0rJ\nx7onYR7Oa9ejQI8cAN1CttgWqhlEAPjhAoIBAEv3farHBdgRqJCw/WSAMXcC1pUU\nPjjSgRmDinpeu9WtsqGGOYfwtErrEncVk6f9V0Lu6d4CnFMsRvMLSqF8Tag98xE5\nSVLZ0D4lnTBXYPQJth0FQMmWJtmHp0ApEvjXSOqqi7xZhFXCyHrwxIArCaduVAAy\nB0mpNnHDRKBXjVOEnTkR+u8zrTK8b/IrNT58PZEAtnoEaNTeOeudN8npMY8ebuWB\nYuAUQM1tD/zLnw4QnqSprqy79ganbON9nYwcce1ZHVV4LVP+Ns1ip4BjWKZ94ilG\nyChFrE8D11Qw5Zd3E7iRyjhQTV0yGi+JSsUCs/t71msIZducWKv0ZYXQgps=\n-----END RSA PRIVATE KEY-----\n",
            "private_key_pem_pkcs8": "-----BEGIN PRIVATE KEY-----\nMIIJQgIBADANBgkqhkiG9w0BAQEFAASCCSwwggkoAgEAAoICAQC7uy9jaP/Ek9c3\nVXlwLm+Ws2CYnSczBWR/kdisQn4i5CY3xOUNGs8RI8aw/m6ZrAgga1dtePGEraFV\naqaLxYr7aGrUE4QBDYMQ2F1CZ4O2XcINzWOdxXsge13R7MkIH0mFR2DYnuxE6cpd\n9s3QDJn45dJRtbC1woaX7IpKjPsrQRW1ODgkeUUYnHeQbZf/wTaSrJwINpFDVnm5\nKVCuoKgP9Pw/dasjUJhGAvs504gpap9Msr2yG8sS0WBRSoSVdFSM11NC09n30hwo\nXZJcGsA6Zlg969H94RiIPwkDpeNyGI/3plSHl3UuHhGKr4mjcWFzbmKT3uAHXQjH\n/DCvI7CGbCfvoXB90RLQe2ykVcUgR0k4lwwKE8zZncrvQEYqXuJ5gjBNmmK2AFrl\nd/+F1LswG03Pr4RfS/OpH3hckpC+YhR1RpbMMWxt+8BQb8hntwl5rV5N1hGYePjJ\nSdsqAhqf9QcdhLUj8OYEa5AKFtptyuIlSEla7xQDa4v4+8sisXE0KzTnGDJGkMgF\nCuT36BWei2mM8LL+LG0IVk3ckWU7m9G1hmZYD5TbJREEtJUcy/fGgyrX12paPn2r\n8wXaCgT+ymV3oZGbuOUfYB0sEhdSbvaKb2zhc4E9tPghKSGqpWgn5qW6Jy3omn6/\nUoYaWJEkhhE0tms6V17IZ2OqZ6HJCQIDAQABAoICAQCHHmkzQeWlVUt39jtbtPB4\nJU+HSMVoAZ+d+hlbktg6wL+JMFw0HHGhQoDF77snPBz1SI06q+wZtOcEFakdvOcV\noMgTMKC4KUOGolQtcVfpsH31dTkX24WNkX2rlKP1Bp/iH8fi4i/oQeV30CW+cvN3\no+LHEODJUeOSAZxfoC0/qq63KmmuRuKmnieoelkGqchftYDwoGXZc6pUzRnXNqcA\nJTJRcp3k4yNWcNrlegzs0mMpzxSd10dImg6bM+lNsNcSMAErflPJ/R5rJz4qsM5e\nuj8VAmC4PIVtuwD/8SxNeMRWWQ9KMIcU1GuHyGRmkTq03GRzTd0tL5ccabWYuTVZ\nripudUuIC43cD9PeruQNUsl+MH2KPvEKq8vMltCJL2b5yn0p2VkNYTWvxrplu2sW\nYjoNF1IQONU9GFyuTKybLLl+m0EAVvPJd0KohJ7uk9l+Lpvji76zzjRMyasTz7kk\nvLLuqKrsVnmFGIxFjARkAXRvLb1GPSheyg4NLmWEUn0KbR4wBgFv0UPSIk5lKuaW\ngPk9qLsrCW/Ek9R108CkLLSLeESzv08onzras81zXsTKj5+ps/dip4DoWrz5cWfq\nheNgjubMEj8Bl2B1Zjc5WM8OHyw9bZc5OWcNRooBB93WIdHMlst7VDbJT18W4YGJ\nyMRn+H3ij8z4GyHZsCJ8IQKCAQEAyDPy5sXlpv/2im0ODi2yqiXZfHEFotJkxEkq\n3aeY43kCo3xdtYzeeXJ2MqcHw3Q43z0Ju7hgYeDdGAWWkcFaZ3zoT6/B4gYKP4yh\nCoIyqA1kdbaplCKWImff9eTI45afAUkP+bdqQfo8uNL+7aJmfeFf5Wv/a0xHZiA2\nK+F/E83dkSfJjsgOZT+wokTW87YOiaP2GLJiIpwL/TLBbdP0RnwI/IaPpNHqvh7u\nA/SfvMqw7tW6CMlU6VROxE3Q5AGgIUAxwWKZ7pbrn8LrOyQOpWCLw66ckOgsPSgY\nj19ERCifKXPjtRjrrJ7277fGmKoQTMGcE64VIOPt11m2Z9B3PQKCAQEA8A1nnQ5G\nBgbexfYTalfaYXprCzcsy5Kao9Rd35RathnBGxSaqacIsh/MIK3APJTmr3o/rS7Z\nT1u9GH2q6ghjOQMDLNnM15mIdetUyY+FnYYS+xkXLLN/RFG+mvuzaZ9jAuAKl7yE\niyrjvtgwmJtKns9WPJQzAQO0fy44jssn/BBEhH275po9c8q9bITzyFangky2MPiW\n4916oT0Biw+tkvY4RezJS9JXfqTAcArrgxP7V5nkrsP6tlfPgKPut1AknNkgkVoX\n8DbB88T1T7ZilMFty+ng7aTlIqtoReyan2J5bOfGtB6X65KI7jeXYUAZdDoywz+Z\nINEwl/7P5dTVvQKCAQB8/+p+ajtsXM67OUIYWjH+iGlViF/jfIfMAn8QLC+Kf6jF\nGMaNr2nM3EmucJmpUKydvceQ/Jq5IiQJdpu/X8EpclS+RFfC3tCRQyXdoNMuGEaM\nNMOGqV2iF8c/CVzgtM+MhujBmuJuVWaKY7sl9ksV95zfauHsRZEi06PfHAky/UuE\n8Rmo24IZd326o06ulhJXoBbs7pvVTicyLPmWsEsJozIdMYsIdsShdkBYGemOf+Of\nC7T+/W3VzXzslkWBxv4LJMCsJPtFe9ecRaCHqYi3eyNox2IcG8pbWOiUw/+kqtRN\nln0rOmcTvaEipVULRsuskQn5Q60PfyCmX+5CvWdlAoIBAHG5aAT35iSkzJVsZvZS\neJsFrAC8OvSWl7xVt8NcPT1YJiv2Lu+AupXoioRQzGnnAQLRH6mkMD9wbr1Ti80j\n/B3eV3rAFFNv4T48Jwb2f46JHiTnVhtPTlPHhk1WQUEgyX9rNJl+LizgPNUFBsDF\nkSx7fZdlfmRUpQY7l3/OrzqzWkKKbqJpIAPjYKowsm2O3/zS6t14Z8O8AYSxqjF/\nU/PzweUesJ7DH8BXvPNXuQt4Q/LUbYp+PiB0qVGAWG9wAGhuVQeHbx/WUTxzauRA\nu6NNn/6i5nSvUf6CxfuahAZOWMhHZdOfSsnHuidhHs5r16NAjxwA3UK22BaqGUQA\n+OECggEAS/d9qscF2BGokLD9ZIAxdwLWlRQ+ONKBGYOKel671a2yoYY5h/C0SusS\ndxWTp/1XQu7p3gKcUyxG8wtKoXxNqD3zETlJUtnQPiWdMFdg9Am2HQVAyZYm2Yen\nQCkS+NdI6qqLvFmEVcLIevDEgCsJp25UADIHSak2ccNEoFeNU4SdORH67zOtMrxv\n8is1Pnw9kQC2egRo1N456503yekxjx5u5YFi4BRAzW0P/MufDhCepKmurLv2Bqds\n432djBxx7VkdVXgtU/42zWKngGNYpn3iKUbIKEWsTwPXVDDll3cTuJHKOFBNXTIa\nL4lKxQKz+3vWawhl25xYq/RlhdCCmw==\n-----END PRIVATE KEY-----\n",
            "public_key_fingerprint_md5": "c7:66:a9:d9:4d:7d:4b:5b:2c:2b:bf:aa:1d:b6:b0:db",
            "public_key_fingerprint_sha256": "SHA256:gX7U1mzWcJVxA3aSgZmnxSugU5JJV2pnLSe88+76GEs",
            "public_key_openssh": "ssh-rsa AAAAB3NzaC1yc2EAAAADAQABAAACAQC7uy9jaP/Ek9c3VXlwLm+Ws2CYnSczBWR/kdisQn4i5CY3xOUNGs8RI8aw/m6ZrAgga1dtePGEraFVaqaLxYr7aGrUE4QBDYMQ2F1CZ4O2XcINzWOdxXsge13R7MkIH0mFR2DYnuxE6cpd9s3QDJn45dJRtbC1woaX7IpKjPsrQRW1ODgkeUUYnHeQbZf/wTaSrJwINpFDVnm5KVCuoKgP9Pw/dasjUJhGAvs504gpap9Msr2yG8sS0WBRSoSVdFSM11NC09n30hwoXZJcGsA6Zlg969H94RiIPwkDpeNyGI/3plSHl3UuHhGKr4mjcWFzbmKT3uAHXQjH/DCvI7CGbCfvoXB90RLQe2ykVcUgR0k4lwwKE8zZncrvQEYqXuJ5gjBNmmK2AFrld/+F1LswG03Pr4RfS/OpH3hckpC+YhR1RpbMMWxt+8BQb8hntwl5rV5N1hGYePjJSdsqAhqf9QcdhLUj8OYEa5AKFtptyuIlSEla7xQDa4v4+8sisXE0KzTnGDJGkMgFCuT36BWei2mM8LL+LG0IVk3ckWU7m9G1hmZYD5TbJREEtJUcy/fGgyrX12paPn2r8wXaCgT+ymV3oZGbuOUfYB0sEhdSbvaKb2zhc4E9tPghKSGqpWgn5qW6Jy3omn6/UoYaWJEkhhE0tms6V17IZ2OqZ6HJCQ==\n",
            "public_key_pem": "-----BEGIN PUBLIC KEY-----\nMIICIjANBgkqhkiG9w0BAQEFAAOCAg8AMIICCgKCAgEAu7svY2j/xJPXN1V5cC5v\nlrNgmJ0nMwVkf5HYrEJ+IuQmN8TlDRrPESPGsP5umawIIGtXbXjxhK2hVWqmi8WK\n+2hq1BOEAQ2DENhdQmeDtl3CDc1jncV7IHtd0ezJCB9JhUdg2J7sROnKXfbN0AyZ\n+OXSUbWwtcKGl+yKSoz7K0EVtTg4JHlFGJx3kG2X/8E2kqycCDaRQ1Z5uSlQrqCo\nD/T8P3WrI1CYRgL7OdOIKWqfTLK9shvLEtFgUUqElXRUjNdTQtPZ99IcKF2SXBrA\nOmZYPevR/eEYiD8JA6XjchiP96ZUh5d1Lh4Riq+Jo3Fhc25ik97gB10Ix/wwryOw\nhmwn76FwfdES0HtspFXFIEdJOJcMChPM2Z3K70BGKl7ieYIwTZpitgBa5Xf/hdS7\nMBtNz6+EX0vzqR94XJKQvmIUdUaWzDFsbfvAUG/IZ7cJea1eTdYRmHj4yUnbKgIa\nn/UHHYS1I/DmBGuQChbabcriJUhJWu8UA2uL+PvLIrFxNCs05xgyRpDIBQrk9+gV\nnotpjPCy/ixtCFZN3JFlO5vRtYZmWA+U2yURBLSVHMv3xoMq19dqWj59q/MF2goE\n/spld6GRm7jlH2AdLBIXUm72im9s4XOBPbT4ISkhqqVoJ+aluict6Jp+v1KGGliR\nJIYRNLZrOldeyGdjqmehyQkCAwEAAQ==\n-----END PUBLIC KEY-----\n",
            "rsa_bits": 4096
          },
          "sensitive_attributes": []
        }
      ]
    }
  ],
  "check_results": null
}
